
Microsoft Visual Studio Solution File, Format Version 12.00
# Visual Studio Version 17
VisualStudioVersion = 17.2.32526.322
MinimumVisualStudioVersion = 10.0.40219.1
Project("{FAE04EC0-301F-11D3-BF4B-00C04F79EFBC}") = "AVL_Tree", "AVL_Tree.csproj", "{DABB2227-20F1-4176-9C09-2531FD4FEA78}"
EndProject
Global
	GlobalSection(SolutionConfigurationPlatforms) = preSolution
		Debug|Any CPU = Debug|Any CPU
		Release|Any CPU = Release|Any CPU
	EndGlobalSection
	GlobalSection(ProjectConfigurationPlatforms) = postSolution
		{DABB2227-20F1-4176-9C09-2531FD4FEA78}.Debug|Any CPU.ActiveCfg = Debug|Any CPU
		{DABB2227-20F1-4176-9C09-2531FD4FEA78}.Debug|Any CPU.Build.0 = Debug|Any CPU
		{DABB2227-20F1-4176-9C09-2531FD4FEA78}.Release|Any CPU.ActiveCfg = Release|Any CPU
		{DABB2227-20F1-4176-9C09-2531FD4FEA78}.Release|Any CPU.Build.0 = Release|Any CPU
	EndGlobalSection
	GlobalSection(SolutionProperties) = preSolution
		HideSolutionNode = FALSE
	EndGlobalSection
	GlobalSection(ExtensibilityGlobals) = postSolution
		SolutionGuid = {B60270DA-B757-4AC6-8952-233FB721EC35}
	EndGlobalSection
EndGlobal
